
Microsoft Visual Studio Solution File, Format Version 12.00
# Visual Studio 15
VisualStudioVersion = 15.0.27703.2000
MinimumVisualStudioVersion = 10.0.40219.1
Project("{FAE04EC0-301F-11D3-BF4B-00C04F79EFBC}") = "eRuler", "eRuler\eRuler.csproj", "{53136B9D-574A-421F-A972-46368E4272FC}"
EndProject
Project("{FAE04EC0-301F-11D3-BF4B-00C04F79EFBC}") = "eRulerSample", "eRulerSample\eRulerSample.csproj", "{B8AF6FD9-8256-4910-85C5-CCD6CEA917EB}"
	ProjectSection(ProjectDependencies) = postProject
		{53136B9D-574A-421F-A972-46368E4272FC} = {53136B9D-574A-421F-A972-46368E4272FC}
	EndProjectSection
EndProject
Global
	GlobalSection(SolutionConfigurationPlatforms) = preSolution
		Debug|Any CPU = Debug|Any CPU
		Release|Any CPU = Release|Any CPU
	EndGlobalSection
	GlobalSection(ProjectConfigurationPlatforms) = postSolution
		{53136B9D-574A-421F-A972-46368E4272FC}.Debug|Any CPU.ActiveCfg = Debug|Any CPU
		{53136B9D-574A-421F-A972-46368E4272FC}.Debug|Any CPU.Build.0 = Debug|Any CPU
		{53136B9D-574A-421F-A972-46368E4272FC}.Release|Any CPU.ActiveCfg = Release|Any CPU
		{53136B9D-574A-421F-A972-46368E4272FC}.Release|Any CPU.Build.0 = Release|Any CPU
		{B8AF6FD9-8256-4910-85C5-CCD6CEA917EB}.Debug|Any CPU.ActiveCfg = Debug|Any CPU
		{B8AF6FD9-8256-4910-85C5-CCD6CEA917EB}.Debug|Any CPU.Build.0 = Debug|Any CPU
		{B8AF6FD9-8256-4910-85C5-CCD6CEA917EB}.Release|Any CPU.ActiveCfg = Release|Any CPU
		{B8AF6FD9-8256-4910-85C5-CCD6CEA917EB}.Release|Any CPU.Build.0 = Release|Any CPU
	EndGlobalSection
	GlobalSection(SolutionProperties) = preSolution
		HideSolutionNode = FALSE
	EndGlobalSection
	GlobalSection(ExtensibilityGlobals) = postSolution
		SolutionGuid = {F33A4D0C-7A17-4AAB-AAFE-08C5F93959DB}
	EndGlobalSection
EndGlobal
